
Microsoft Visual Studio Solution File, Format Version 12.00
# Visual Studio Version 17
VisualStudioVersion = 17.3.32825.248
MinimumVisualStudioVersion = 10.0.40219.1
Project("{F184B08F-C81C-45F6-A57F-5ABD9991F28F}") = "PVTugas1", "PVTugas1\PVTugas1.vbproj", "{CB271DC8-E99B-4A57-853A-47C8F2FBDC84}"
EndProject
Global
	GlobalSection(SolutionConfigurationPlatforms) = preSolution
		Debug|Any CPU = Debug|Any CPU
		Release|Any CPU = Release|Any CPU
	EndGlobalSection
	GlobalSection(ProjectConfigurationPlatforms) = postSolution
		{CB271DC8-E99B-4A57-853A-47C8F2FBDC84}.Debug|Any CPU.ActiveCfg = Debug|Any CPU
		{CB271DC8-E99B-4A57-853A-47C8F2FBDC84}.Debug|Any CPU.Build.0 = Debug|Any CPU
		{CB271DC8-E99B-4A57-853A-47C8F2FBDC84}.Release|Any CPU.ActiveCfg = Release|Any CPU
		{CB271DC8-E99B-4A57-853A-47C8F2FBDC84}.Release|Any CPU.Build.0 = Release|Any CPU
	EndGlobalSection
	GlobalSection(SolutionProperties) = preSolution
		HideSolutionNode = FALSE
	EndGlobalSection
	GlobalSection(ExtensibilityGlobals) = postSolution
		SolutionGuid = {E5974B15-283D-410E-90D2-90C5EF42C715}
	EndGlobalSection
EndGlobal
